
Microsoft Visual Studio Solution File, Format Version 12.00
# Visual Studio 2013
VisualStudioVersion = 12.0.31101.0
MinimumVisualStudioVersion = 10.0.40219.1
Project("{FAE04EC0-301F-11D3-BF4B-00C04F79EFBC}") = "FileManager.API", "FileManager\FileManager.API.csproj", "{AE0F326F-1CE1-479A-9F0C-AD5FF0A498A3}"
EndProject
Project("{FAE04EC0-301F-11D3-BF4B-00C04F79EFBC}") = "CQRS", "CQRS\CQRS.csproj", "{8A55F85F-9BC7-4AA4-A060-4E6CD3538D8B}"
EndProject
Project("{FAE04EC0-301F-11D3-BF4B-00C04F79EFBC}") = "DAL", "DAL\DAL.csproj", "{E151F26D-F7F4-41BC-BCA7-AB694C90A1E4}"
EndProject
Project("{FAE04EC0-301F-11D3-BF4B-00C04F79EFBC}") = "DomainModel", "DomainModel\DomainModel.csproj", "{ECAD4DD0-15F9-4F30-99AB-E924C55DA590}"
EndProject
Project("{FAE04EC0-301F-11D3-BF4B-00C04F79EFBC}") = "Authorization", "Authorization\Authorization.csproj", "{3642F0AF-B65F-4A1E-B2EE-9185B0BD0807}"
EndProject
Global
	GlobalSection(SolutionConfigurationPlatforms) = preSolution
		Debug|Any CPU = Debug|Any CPU
		Release|Any CPU = Release|Any CPU
	EndGlobalSection
	GlobalSection(ProjectConfigurationPlatforms) = postSolution
		{AE0F326F-1CE1-479A-9F0C-AD5FF0A498A3}.Debug|Any CPU.ActiveCfg = Debug|Any CPU
		{AE0F326F-1CE1-479A-9F0C-AD5FF0A498A3}.Debug|Any CPU.Build.0 = Debug|Any CPU
		{AE0F326F-1CE1-479A-9F0C-AD5FF0A498A3}.Release|Any CPU.ActiveCfg = Release|Any CPU
		{AE0F326F-1CE1-479A-9F0C-AD5FF0A498A3}.Release|Any CPU.Build.0 = Release|Any CPU
		{8A55F85F-9BC7-4AA4-A060-4E6CD3538D8B}.Debug|Any CPU.ActiveCfg = Debug|Any CPU
		{8A55F85F-9BC7-4AA4-A060-4E6CD3538D8B}.Debug|Any CPU.Build.0 = Debug|Any CPU
		{8A55F85F-9BC7-4AA4-A060-4E6CD3538D8B}.Release|Any CPU.ActiveCfg = Release|Any CPU
		{8A55F85F-9BC7-4AA4-A060-4E6CD3538D8B}.Release|Any CPU.Build.0 = Release|Any CPU
		{E151F26D-F7F4-41BC-BCA7-AB694C90A1E4}.Debug|Any CPU.ActiveCfg = Debug|Any CPU
		{E151F26D-F7F4-41BC-BCA7-AB694C90A1E4}.Debug|Any CPU.Build.0 = Debug|Any CPU
		{E151F26D-F7F4-41BC-BCA7-AB694C90A1E4}.Release|Any CPU.ActiveCfg = Release|Any CPU
		{E151F26D-F7F4-41BC-BCA7-AB694C90A1E4}.Release|Any CPU.Build.0 = Release|Any CPU
		{ECAD4DD0-15F9-4F30-99AB-E924C55DA590}.Debug|Any CPU.ActiveCfg = Debug|Any CPU
		{ECAD4DD0-15F9-4F30-99AB-E924C55DA590}.Debug|Any CPU.Build.0 = Debug|Any CPU
		{ECAD4DD0-15F9-4F30-99AB-E924C55DA590}.Release|Any CPU.ActiveCfg = Release|Any CPU
		{ECAD4DD0-15F9-4F30-99AB-E924C55DA590}.Release|Any CPU.Build.0 = Release|Any CPU
		{3642F0AF-B65F-4A1E-B2EE-9185B0BD0807}.Debug|Any CPU.ActiveCfg = Debug|Any CPU
		{3642F0AF-B65F-4A1E-B2EE-9185B0BD0807}.Debug|Any CPU.Build.0 = Debug|Any CPU
		{3642F0AF-B65F-4A1E-B2EE-9185B0BD0807}.Release|Any CPU.ActiveCfg = Release|Any CPU
		{3642F0AF-B65F-4A1E-B2EE-9185B0BD0807}.Release|Any CPU.Build.0 = Release|Any CPU
	EndGlobalSection
	GlobalSection(SolutionProperties) = preSolution
		HideSolutionNode = FALSE
	EndGlobalSection
EndGlobal
